{
  "name": "simplycookie-js",
  "version": "1.0.9",
  "lockfileVersion": 3,
  "requires": true,
  "packages": {
    "": {
      "name": "simplycookie-js",
      "version": "1.0.9",
      "license": "GPL-3.0",
      "dependencies": {
        "printformatted-js": "^2.0.8"
      }
    },
    "node_modules/printformatted-js": {
      "version": "2.0.8",
      "resolved": "https://registry.npmjs.org/printformatted-js/-/printformatted-js-2.0.8.tgz",
      "integrity": "sha512-e6eE9IFmWs3MxX+FyrBqRE3XVxyt7WohS4rvvA9PQkHwZWigvhioGvTD3cbOLETqXzhrtRcONU/w7lkG/wIeyw=="
    }
  }
}
